
Microsoft Visual Studio Solution File, Format Version 12.00
# Visual Studio Version 17
VisualStudioVersion = 17.8.34408.163
MinimumVisualStudioVersion = 10.0.40219.1
Project("{FAE04EC0-301F-11D3-BF4B-00C04F79EFBC}") = "GraphQLAPI", "GraphQLAPI\GraphQLAPI.csproj", "{A769BD55-7D61-4AAB-82BB-EDF8D277A5D0}"
EndProject
Project("{E53339B2-1760-4266-BCC7-CA923CBCF16C}") = "docker-compose", "docker-compose.dcproj", "{E209EAAA-8639-4FE2-B2CD-3DBC5A51E716}"
EndProject
Global
	GlobalSection(SolutionConfigurationPlatforms) = preSolution
		Debug|Any CPU = Debug|Any CPU
		Release|Any CPU = Release|Any CPU
	EndGlobalSection
	GlobalSection(ProjectConfigurationPlatforms) = postSolution
		{A769BD55-7D61-4AAB-82BB-EDF8D277A5D0}.Debug|Any CPU.ActiveCfg = Debug|Any CPU
		{A769BD55-7D61-4AAB-82BB-EDF8D277A5D0}.Debug|Any CPU.Build.0 = Debug|Any CPU
		{A769BD55-7D61-4AAB-82BB-EDF8D277A5D0}.Release|Any CPU.ActiveCfg = Release|Any CPU
		{A769BD55-7D61-4AAB-82BB-EDF8D277A5D0}.Release|Any CPU.Build.0 = Release|Any CPU
		{E209EAAA-8639-4FE2-B2CD-3DBC5A51E716}.Debug|Any CPU.ActiveCfg = Debug|Any CPU
		{E209EAAA-8639-4FE2-B2CD-3DBC5A51E716}.Debug|Any CPU.Build.0 = Debug|Any CPU
		{E209EAAA-8639-4FE2-B2CD-3DBC5A51E716}.Release|Any CPU.ActiveCfg = Release|Any CPU
		{E209EAAA-8639-4FE2-B2CD-3DBC5A51E716}.Release|Any CPU.Build.0 = Release|Any CPU
	EndGlobalSection
	GlobalSection(SolutionProperties) = preSolution
		HideSolutionNode = FALSE
	EndGlobalSection
	GlobalSection(ExtensibilityGlobals) = postSolution
		SolutionGuid = {680243FA-679C-43B8-A783-630A1AE86DF4}
	EndGlobalSection
EndGlobal
